
Microsoft Visual Studio Solution File, Format Version 12.00
# Visual Studio 15
VisualStudioVersion = 15.0.27130.2010
MinimumVisualStudioVersion = 10.0.40219.1
Project("{FAE04EC0-301F-11D3-BF4B-00C04F79EFBC}") = "Lab10_Movies", "Lab10_Movies\Lab10_Movies.csproj", "{7440A471-39A2-4FF9-B9B8-03F8B5B93FAE}"
EndProject
Project("{FAE04EC0-301F-11D3-BF4B-00C04F79EFBC}") = "Lab10_MoviesTests", "Lab10_MoviesTests\Lab10_MoviesTests.csproj", "{0F043662-BA05-4FBD-ACEF-0F08DBCA3294}"
EndProject
Global
	GlobalSection(SolutionConfigurationPlatforms) = preSolution
		Debug|Any CPU = Debug|Any CPU
		Release|Any CPU = Release|Any CPU
	EndGlobalSection
	GlobalSection(ProjectConfigurationPlatforms) = postSolution
		{7440A471-39A2-4FF9-B9B8-03F8B5B93FAE}.Debug|Any CPU.ActiveCfg = Debug|Any CPU
		{7440A471-39A2-4FF9-B9B8-03F8B5B93FAE}.Debug|Any CPU.Build.0 = Debug|Any CPU
		{7440A471-39A2-4FF9-B9B8-03F8B5B93FAE}.Release|Any CPU.ActiveCfg = Release|Any CPU
		{7440A471-39A2-4FF9-B9B8-03F8B5B93FAE}.Release|Any CPU.Build.0 = Release|Any CPU
		{0F043662-BA05-4FBD-ACEF-0F08DBCA3294}.Debug|Any CPU.ActiveCfg = Debug|Any CPU
		{0F043662-BA05-4FBD-ACEF-0F08DBCA3294}.Debug|Any CPU.Build.0 = Debug|Any CPU
		{0F043662-BA05-4FBD-ACEF-0F08DBCA3294}.Release|Any CPU.ActiveCfg = Release|Any CPU
		{0F043662-BA05-4FBD-ACEF-0F08DBCA3294}.Release|Any CPU.Build.0 = Release|Any CPU
	EndGlobalSection
	GlobalSection(SolutionProperties) = preSolution
		HideSolutionNode = FALSE
	EndGlobalSection
	GlobalSection(ExtensibilityGlobals) = postSolution
		SolutionGuid = {76AD24A9-E7F5-4F76-BBE5-6477D9C627ED}
	EndGlobalSection
EndGlobal
